
Microsoft Visual Studio Solution File, Format Version 12.00
# Visual Studio Version 17
VisualStudioVersion = 17.0.31903.59
MinimumVisualStudioVersion = 10.0.40219.1
Project("{2150E333-8FDC-42A3-9474-1A3956D46DE8}") = "Solution Items", "Solution Items", "{0F39BA4F-3B52-4DF4-816B-B8809B0FC24A}"
	ProjectSection(SolutionItems) = preProject
		yambar-raylib.sln.DotSettings = yambar-raylib.sln.DotSettings
		Directory.Build.props = Directory.Build.props
		.editorconfig = .editorconfig
		.globalconfig = .globalconfig
	EndProjectSection
EndProject
Project("{FAE04EC0-301F-11D3-BF4B-00C04F79EFBC}") = "yambar.Raylib.NativeLibs", "nativelibs\yambar.Raylib.NativeLibs.csproj", "{1EAB81C0-616E-40C4-9EE0-CB77B9A01329}"
EndProject
Global
	GlobalSection(SolutionConfigurationPlatforms) = preSolution
		Debug|Any CPU = Debug|Any CPU
		Release|Any CPU = Release|Any CPU
	EndGlobalSection
	GlobalSection(SolutionProperties) = preSolution
		HideSolutionNode = FALSE
	EndGlobalSection
	GlobalSection(ProjectConfigurationPlatforms) = postSolution
		{1EAB81C0-616E-40C4-9EE0-CB77B9A01329}.Debug|Any CPU.ActiveCfg = Debug|Any CPU
		{1EAB81C0-616E-40C4-9EE0-CB77B9A01329}.Debug|Any CPU.Build.0 = Debug|Any CPU
		{1EAB81C0-616E-40C4-9EE0-CB77B9A01329}.Release|Any CPU.ActiveCfg = Release|Any CPU
		{1EAB81C0-616E-40C4-9EE0-CB77B9A01329}.Release|Any CPU.Build.0 = Release|Any CPU
	EndGlobalSection
EndGlobal
